
Microsoft Visual Studio Solution File, Format Version 12.00
# Visual Studio Version 16
VisualStudioVersion = 16.0.30503.244
MinimumVisualStudioVersion = 10.0.40219.1
Project("{FAE04EC0-301F-11D3-BF4B-00C04F79EFBC}") = "DataEastMVC", "DataEastMVC\DataEastMVC.csproj", "{B4DD4F86-B3A8-406C-9310-0205CB2F421C}"
EndProject
Project("{FAE04EC0-301F-11D3-BF4B-00C04F79EFBC}") = "DataLibrary", "DataLibrary\DataLibrary.csproj", "{AF3A4162-6ED1-440C-8FBA-B617774ACA15}"
EndProject
Global
	GlobalSection(SolutionConfigurationPlatforms) = preSolution
		Debug|Any CPU = Debug|Any CPU
		Release|Any CPU = Release|Any CPU
	EndGlobalSection
	GlobalSection(ProjectConfigurationPlatforms) = postSolution
		{B4DD4F86-B3A8-406C-9310-0205CB2F421C}.Debug|Any CPU.ActiveCfg = Debug|Any CPU
		{B4DD4F86-B3A8-406C-9310-0205CB2F421C}.Debug|Any CPU.Build.0 = Debug|Any CPU
		{B4DD4F86-B3A8-406C-9310-0205CB2F421C}.Release|Any CPU.ActiveCfg = Release|Any CPU
		{B4DD4F86-B3A8-406C-9310-0205CB2F421C}.Release|Any CPU.Build.0 = Release|Any CPU
		{AF3A4162-6ED1-440C-8FBA-B617774ACA15}.Debug|Any CPU.ActiveCfg = Debug|Any CPU
		{AF3A4162-6ED1-440C-8FBA-B617774ACA15}.Debug|Any CPU.Build.0 = Debug|Any CPU
		{AF3A4162-6ED1-440C-8FBA-B617774ACA15}.Release|Any CPU.ActiveCfg = Release|Any CPU
		{AF3A4162-6ED1-440C-8FBA-B617774ACA15}.Release|Any CPU.Build.0 = Release|Any CPU
	EndGlobalSection
	GlobalSection(SolutionProperties) = preSolution
		HideSolutionNode = FALSE
	EndGlobalSection
	GlobalSection(ExtensibilityGlobals) = postSolution
		SolutionGuid = {850C861F-7141-4FEE-848C-A3920A409B16}
	EndGlobalSection
EndGlobal
